
Microsoft Visual Studio Solution File, Format Version 12.00
# Visual Studio Version 16
VisualStudioVersion = 16.0.32901.82
MinimumVisualStudioVersion = 10.0.40219.1
Project("{FAE04EC0-301F-11D3-BF4B-00C04F79EFBC}") = "Labirent_Oyunu", "Labirent_Oyunu\Labirent_Oyunu.csproj", "{F23F4CAF-3127-43EE-A69F-5AA7BD5136E3}"
EndProject
Global
	GlobalSection(SolutionConfigurationPlatforms) = preSolution
		Debug|Any CPU = Debug|Any CPU
		Release|Any CPU = Release|Any CPU
	EndGlobalSection
	GlobalSection(ProjectConfigurationPlatforms) = postSolution
		{F23F4CAF-3127-43EE-A69F-5AA7BD5136E3}.Debug|Any CPU.ActiveCfg = Debug|Any CPU
		{F23F4CAF-3127-43EE-A69F-5AA7BD5136E3}.Debug|Any CPU.Build.0 = Debug|Any CPU
		{F23F4CAF-3127-43EE-A69F-5AA7BD5136E3}.Release|Any CPU.ActiveCfg = Release|Any CPU
		{F23F4CAF-3127-43EE-A69F-5AA7BD5136E3}.Release|Any CPU.Build.0 = Release|Any CPU
	EndGlobalSection
	GlobalSection(SolutionProperties) = preSolution
		HideSolutionNode = FALSE
	EndGlobalSection
	GlobalSection(ExtensibilityGlobals) = postSolution
		SolutionGuid = {BAF8E059-3D16-46C8-8DC7-23A81E8C1217}
	EndGlobalSection
EndGlobal
